// !$*UTF8*$!
{
	archiveVersion = 1;
	classes = {
	};
	objectVersion = 46;
	objects = {

/* Begin PBXBuildFile section */
		008F07F31AC5B25A0029DE68 /* main.jsbundle in Resources */ = {isa = PBXBuildFile; fileRef = 008F07F21AC5B25A0029DE68 /* main.jsbundle */; };
		00E356F31AD99517003FC87E /* stitchchatTests.m in Sources */ = {isa = PBXBuildFile; fileRef = 00E356F21AD99517003FC87E /* stitchchatTests.m */; };
		13B07FBC1A68108700A75B9A /* AppDelegate.m in Sources */ = {isa = PBXBuildFile; fileRef = 13B07FB01A68108700A75B9A /* AppDelegate.m */; };
		13B07FBD1A68108700A75B9A /* LaunchScreen.xib in Resources */ = {isa = PBXBuildFile; fileRef = 13B07FB11A68108700A75B9A /* LaunchScreen.xib */; };
		13B07FBF1A68108700A75B9A /* Images.xcassets in Resources */ = {isa = PBXBuildFile; fileRef = 13B07FB51A68108700A75B9A /* Images.xcassets */; };
		13B07FC11A68108700A75B9A /* main.m in Sources */ = {isa = PBXBuildFile; fileRef = 13B07FB71A68108700A75B9A /* main.m */; };
		8A2C77A4916836B649A45E15 /* libPods.a in Frameworks */ = {isa = PBXBuildFile; fileRef = 4B144685E24B8C6F980574BA /* libPods.a */; };
		A211C7871BD061EE00653014 /* ContactsDao.m in Sources */ = {isa = PBXBuildFile; fileRef = A211C7861BD061EE00653014 /* ContactsDao.m */; settings = {ASSET_TAGS = (); }; };
		A29AC1E21B98B39400B29901 /* libReactNativeIcons.a in Frameworks */ = {isa = PBXBuildFile; fileRef = A29AC1E11B98B20000B29901 /* libReactNativeIcons.a */; };
		A29AC1E41B98B46D00B29901 /* ionicons.ttf in Resources */ = {isa = PBXBuildFile; fileRef = A29AC1E31B98B46D00B29901 /* ionicons.ttf */; };
		A2B411B21BBC74A900918E9E /* DigitsLogin.m in Sources */ = {isa = PBXBuildFile; fileRef = A2B411B11BBC74A900918E9E /* DigitsLogin.m */; settings = {ASSET_TAGS = (); }; };
		A2C129331BCDC5B800693415 /* libsqlite3.tbd in Frameworks */ = {isa = PBXBuildFile; fileRef = A2C129321BCDC5B800693415 /* libsqlite3.tbd */; };
		A2C12EC81BCE2C8700B19CFD /* RCTAddressBook.m in Sources */ = {isa = PBXBuildFile; fileRef = A2C12EC71BCE2C8700B19CFD /* RCTAddressBook.m */; settings = {ASSET_TAGS = (); }; };
		A2C12ECC1BCEB78800B19CFD /* RNContactsManager.swift in Sources */ = {isa = PBXBuildFile; fileRef = A2C12ECB1BCEB78800B19CFD /* RNContactsManager.swift */; settings = {ASSET_TAGS = (); }; };
		A2C12ED01BCEC44D00B19CFD /* RNContactsManager.m in Sources */ = {isa = PBXBuildFile; fileRef = A2C12ECF1BCEC44D00B19CFD /* RNContactsManager.m */; settings = {ASSET_TAGS = (); }; };
		A2C12ED81BCEF32D00B19CFD /* RNSqlite.m in Sources */ = {isa = PBXBuildFile; fileRef = A2C12ED71BCEF32D00B19CFD /* RNSqlite.m */; settings = {ASSET_TAGS = (); }; };
		A2C12F0A1BD054A100B19CFD /* FMDatabaseAdditionsVariadic.swift in Sources */ = {isa = PBXBuildFile; fileRef = A2C12F091BD054A100B19CFD /* FMDatabaseAdditionsVariadic.swift */; settings = {ASSET_TAGS = (); }; };
		A2C12F0C1BD054CB00B19CFD /* FMDatabaseVariadic.swift in Sources */ = {isa = PBXBuildFile; fileRef = A2C12F0B1BD054CB00B19CFD /* FMDatabaseVariadic.swift */; settings = {ASSET_TAGS = (); }; };
		A2F214E11BA8DE9900EDAC0F /* RNMQTTClient.m in Sources */ = {isa = PBXBuildFile; fileRef = A2F214E01BA8DE9900EDAC0F /* RNMQTTClient.m */; };
		A2F2340E1BA09E2B000A5A9E /* libRNClipboard.a in Frameworks */ = {isa = PBXBuildFile; fileRef = A2F2340D1BA0036A000A5A9E /* libRNClipboard.a */; };
		A2F234101BA2A4D3000A5A9E /* FileUpload.m in Sources */ = {isa = PBXBuildFile; fileRef = A2F2340F1BA2A4D3000A5A9E /* FileUpload.m */; };
		A2F234131BA35ED9000A5A9E /* HelloManager.swift in Sources */ = {isa = PBXBuildFile; fileRef = A2F234121BA35ED9000A5A9E /* HelloManager.swift */; };
		A2F234151BA35FB1000A5A9E /* HelloManager.m in Sources */ = {isa = PBXBuildFile; fileRef = A2F234141BA35FB1000A5A9E /* HelloManager.m */; };
/* End PBXBuildFile section */

/* Begin PBXContainerItemProxy section */
		00E356F41AD99517003FC87E /* PBXContainerItemProxy */ = {
			isa = PBXContainerItemProxy;
			containerPortal = 83CBB9F71A601CBA00E9B192 /* Project object */;
			proxyType = 1;
			remoteGlobalIDString = 13B07F861A680F5B00A75B9A;
			remoteInfo = stitchchat;
		};
		A29AC1E01B98B20000B29901 /* PBXContainerItemProxy */ = {
			isa = PBXContainerItemProxy;
			containerPortal = A29AC1D21B98B20000B29901 /* ReactNativeIcons.xcodeproj */;
			proxyType = 2;
			remoteGlobalIDString = 2F5A3EB81ACDBF8000439386;
			remoteInfo = ReactNativeIcons;
		};
		A2F2340C1BA0036A000A5A9E /* PBXContainerItemProxy */ = {
			isa = PBXContainerItemProxy;
			containerPortal = A2F233FD1BA00369000A5A9E /* RNClipboard.xcodeproj */;
			proxyType = 2;
			remoteGlobalIDString = 93D925B51B577A3A0021F250;
			remoteInfo = RNClipboard;
		};
/* End PBXContainerItemProxy section */

/* Begin PBXFileReference section */
		008F07F21AC5B25A0029DE68 /* main.jsbundle */ = {isa = PBXFileReference; fileEncoding = 4; lastKnownFileType = text; path = main.jsbundle; sourceTree = "<group>"; };
		00E356EE1AD99517003FC87E /* stitchchatTests.xctest */ = {isa = PBXFileReference; explicitFileType = wrapper.cfbundle; includeInIndex = 0; path = stitchchatTests.xctest; sourceTree = BUILT_PRODUCTS_DIR; };
		00E356F11AD99517003FC87E /* Info.plist */ = {isa = PBXFileReference; lastKnownFileType = text.plist.xml; path = Info.plist; sourceTree = "<group>"; };
		00E356F21AD99517003FC87E /* stitchchatTests.m */ = {isa = PBXFileReference; lastKnownFileType = sourcecode.c.objc; path = stitchchatTests.m; sourceTree = "<group>"; };
		13B07F961A680F5B00A75B9A /* stitchchat.app */ = {isa = PBXFileReference; explicitFileType = wrapper.application; includeInIndex = 0; path = stitchchat.app; sourceTree = BUILT_PRODUCTS_DIR; };
		13B07FAF1A68108700A75B9A /* AppDelegate.h */ = {isa = PBXFileReference; fileEncoding = 4; lastKnownFileType = sourcecode.c.h; path = AppDelegate.h; sourceTree = "<group>"; };
		13B07FB01A68108700A75B9A /* AppDelegate.m */ = {isa = PBXFileReference; fileEncoding = 4; lastKnownFileType = sourcecode.c.objc; path = AppDelegate.m; sourceTree = "<group>"; };
		13B07FB21A68108700A75B9A /* Base */ = {isa = PBXFileReference; lastKnownFileType = file.xib; name = Base; path = Base.lproj/LaunchScreen.xib; sourceTree = "<group>"; };
		13B07FB51A68108700A75B9A /* Images.xcassets */ = {isa = PBXFileReference; lastKnownFileType = folder.assetcatalog; path = Images.xcassets; sourceTree = "<group>"; };
		13B07FB61A68108700A75B9A /* Info.plist */ = {isa = PBXFileReference; fileEncoding = 4; lastKnownFileType = text.plist.xml; path = Info.plist; sourceTree = "<group>"; };
		13B07FB71A68108700A75B9A /* main.m */ = {isa = PBXFileReference; fileEncoding = 4; lastKnownFileType = sourcecode.c.objc; path = main.m; sourceTree = "<group>"; };
		4B144685E24B8C6F980574BA /* libPods.a */ = {isa = PBXFileReference; explicitFileType = archive.ar; includeInIndex = 0; path = libPods.a; sourceTree = BUILT_PRODUCTS_DIR; };
		A211C7861BD061EE00653014 /* ContactsDao.m */ = {isa = PBXFileReference; fileEncoding = 4; lastKnownFileType = sourcecode.c.objc; path = ContactsDao.m; sourceTree = "<group>"; };
		A211C78A1BD06E3B00653014 /* ContactsDao.h */ = {isa = PBXFileReference; fileEncoding = 4; lastKnownFileType = sourcecode.c.h; path = ContactsDao.h; sourceTree = "<group>"; };
		A29AC1D21B98B20000B29901 /* ReactNativeIcons.xcodeproj */ = {isa = PBXFileReference; lastKnownFileType = "wrapper.pb-project"; name = ReactNativeIcons.xcodeproj; path = "../node_modules/react-native-icons/ios/ReactNativeIcons.xcodeproj"; sourceTree = "<group>"; };
		A29AC1E31B98B46D00B29901 /* ionicons.ttf */ = {isa = PBXFileReference; lastKnownFileType = file; path = ionicons.ttf; sourceTree = "<group>"; };
		A2B411B11BBC74A900918E9E /* DigitsLogin.m */ = {isa = PBXFileReference; fileEncoding = 4; lastKnownFileType = sourcecode.c.objc; path = DigitsLogin.m; sourceTree = "<group>"; };
		A2C129321BCDC5B800693415 /* libsqlite3.tbd */ = {isa = PBXFileReference; lastKnownFileType = "sourcecode.text-based-dylib-definition"; name = libsqlite3.tbd; path = usr/lib/libsqlite3.tbd; sourceTree = SDKROOT; };
		A2C12EC71BCE2C8700B19CFD /* RCTAddressBook.m */ = {isa = PBXFileReference; fileEncoding = 4; lastKnownFileType = sourcecode.c.objc; path = RCTAddressBook.m; sourceTree = "<group>"; };
		A2C12ECB1BCEB78800B19CFD /* RNContactsManager.swift */ = {isa = PBXFileReference; fileEncoding = 4; lastKnownFileType = sourcecode.swift; path = RNContactsManager.swift; sourceTree = "<group>"; };
		A2C12ECF1BCEC44D00B19CFD /* RNContactsManager.m */ = {isa = PBXFileReference; fileEncoding = 4; lastKnownFileType = sourcecode.c.objc; path = RNContactsManager.m; sourceTree = "<group>"; };
		A2C12ED71BCEF32D00B19CFD /* RNSqlite.m */ = {isa = PBXFileReference; fileEncoding = 4; lastKnownFileType = sourcecode.c.objc; path = RNSqlite.m; sourceTree = "<group>"; };
		A2C12F091BD054A100B19CFD /* FMDatabaseAdditionsVariadic.swift */ = {isa = PBXFileReference; fileEncoding = 4; lastKnownFileType = sourcecode.swift; path = FMDatabaseAdditionsVariadic.swift; sourceTree = "<group>"; };
		A2C12F0B1BD054CB00B19CFD /* FMDatabaseVariadic.swift */ = {isa = PBXFileReference; fileEncoding = 4; lastKnownFileType = sourcecode.swift; path = FMDatabaseVariadic.swift; sourceTree = "<group>"; };
		A2F214E01BA8DE9900EDAC0F /* RNMQTTClient.m */ = {isa = PBXFileReference; fileEncoding = 4; lastKnownFileType = sourcecode.c.objc; path = RNMQTTClient.m; sourceTree = "<group>"; };
		A2F233FD1BA00369000A5A9E /* RNClipboard.xcodeproj */ = {isa = PBXFileReference; lastKnownFileType = "wrapper.pb-project"; name = RNClipboard.xcodeproj; path = "../node_modules/react-native-clipboard/RNClipboard.xcodeproj"; sourceTree = "<group>"; };
		A2F2340F1BA2A4D3000A5A9E /* FileUpload.m */ = {isa = PBXFileReference; fileEncoding = 4; lastKnownFileType = sourcecode.c.objc; name = FileUpload.m; path = "../node_modules/react-native-file-upload/FileUpload.m"; sourceTree = "<group>"; };
		A2F234111BA35ED8000A5A9E /* stitchchat-Bridging-Header.h */ = {isa = PBXFileReference; lastKnownFileType = sourcecode.c.h; path = "stitchchat-Bridging-Header.h"; sourceTree = "<group>"; };
		A2F234121BA35ED9000A5A9E /* HelloManager.swift */ = {isa = PBXFileReference; fileEncoding = 4; lastKnownFileType = sourcecode.swift; name = HelloManager.swift; path = stitchchat/HelloManager.swift; sourceTree = "<group>"; };
		A2F234141BA35FB1000A5A9E /* HelloManager.m */ = {isa = PBXFileReference; fileEncoding = 4; lastKnownFileType = sourcecode.c.objc; path = HelloManager.m; sourceTree = "<group>"; };
		AFE28E08A3F6912121D89C71 /* Pods.release.xcconfig */ = {isa = PBXFileReference; includeInIndex = 1; lastKnownFileType = text.xcconfig; name = Pods.release.xcconfig; path = "../Pods/Target Support Files/Pods/Pods.release.xcconfig"; sourceTree = "<group>"; };
		EF283D93ACB34BFC060E251E /* Pods.debug.xcconfig */ = {isa = PBXFileReference; includeInIndex = 1; lastKnownFileType = text.xcconfig; name = Pods.debug.xcconfig; path = "../Pods/Target Support Files/Pods/Pods.debug.xcconfig"; sourceTree = "<group>"; };
/* End PBXFileReference section */

/* Begin PBXFrameworksBuildPhase section */
		00E356EB1AD99517003FC87E /* Frameworks */ = {
			isa = PBXFrameworksBuildPhase;
			buildActionMask = 2147483647;
			files = (
			);
			runOnlyForDeploymentPostprocessing = 0;
		};
		13B07F8C1A680F5B00A75B9A /* Frameworks */ = {
			isa = PBXFrameworksBuildPhase;
			buildActionMask = 2147483647;
			files = (
				A2C129331BCDC5B800693415 /* libsqlite3.tbd in Frameworks */,
				A2F2340E1BA09E2B000A5A9E /* libRNClipboard.a in Frameworks */,
				A29AC1E21B98B39400B29901 /* libReactNativeIcons.a in Frameworks */,
				8A2C77A4916836B649A45E15 /* libPods.a in Frameworks */,
			);
			runOnlyForDeploymentPostprocessing = 0;
		};
/* End PBXFrameworksBuildPhase section */

/* Begin PBXGroup section */
		00E356EF1AD99517003FC87E /* stitchchatTests */ = {
			isa = PBXGroup;
			children = (
				00E356F21AD99517003FC87E /* stitchchatTests.m */,
				00E356F01AD99517003FC87E /* Supporting Files */,
			);
			path = stitchchatTests;
			sourceTree = "<group>";
		};
		00E356F01AD99517003FC87E /* Supporting Files */ = {
			isa = PBXGroup;
			children = (
				00E356F11AD99517003FC87E /* Info.plist */,
			);
			name = "Supporting Files";
			sourceTree = "<group>";
		};
		13B07FAE1A68108700A75B9A /* stitchchat */ = {
			isa = PBXGroup;
			children = (
				13B07FAF1A68108700A75B9A /* AppDelegate.h */,
				13B07FB01A68108700A75B9A /* AppDelegate.m */,
				13B07FB51A68108700A75B9A /* Images.xcassets */,
				13B07FB61A68108700A75B9A /* Info.plist */,
				13B07FB11A68108700A75B9A /* LaunchScreen.xib */,
				008F07F21AC5B25A0029DE68 /* main.jsbundle */,
				13B07FB71A68108700A75B9A /* main.m */,
			);
			path = stitchchat;
			sourceTree = "<group>";
		};
		832341AE1AAA6A7D00B99B32 /* Libraries */ = {
			isa = PBXGroup;
			children = (
			);
			name = Libraries;
			sourceTree = "<group>";
		};
		83CBB9F61A601CBA00E9B192 = {
			isa = PBXGroup;
			children = (
				A2C129341BCE214400693415 /* Contacts */,
				A2C1292B1BCDBF1A00693415 /* RNSqlite */,
				A243865D1BBC560D0056262F /* RNDigits */,
				A2F214C51BA8DCE300EDAC0F /* MQTTClient */,
				A2F234141BA35FB1000A5A9E /* HelloManager.m */,
				A2F234121BA35ED9000A5A9E /* HelloManager.swift */,
				A2F2340F1BA2A4D3000A5A9E /* FileUpload.m */,
				A2F233FD1BA00369000A5A9E /* RNClipboard.xcodeproj */,
				A29AC1E31B98B46D00B29901 /* ionicons.ttf */,
				A29AC1D21B98B20000B29901 /* ReactNativeIcons.xcodeproj */,
				13B07FAE1A68108700A75B9A /* stitchchat */,
				00E356EF1AD99517003FC87E /* stitchchatTests */,
				832341AE1AAA6A7D00B99B32 /* Libraries */,
				83CBBA001A601CBA00E9B192 /* Products */,
				A2F234111BA35ED8000A5A9E /* stitchchat-Bridging-Header.h */,
				FBF6698C1C8F82466E892286 /* Pods */,
				C8A1101945C56B053CF0191A /* Frameworks */,
			);
			indentWidth = 2;
			sourceTree = "<group>";
			tabWidth = 2;
		};
		83CBBA001A601CBA00E9B192 /* Products */ = {
			isa = PBXGroup;
			children = (
				13B07F961A680F5B00A75B9A /* stitchchat.app */,
				00E356EE1AD99517003FC87E /* stitchchatTests.xctest */,
			);
			name = Products;
			sourceTree = "<group>";
		};
		A243865D1BBC560D0056262F /* RNDigits */ = {
			isa = PBXGroup;
			children = (
				A2B411B11BBC74A900918E9E /* DigitsLogin.m */,
			);
			name = RNDigits;
			sourceTree = "<group>";
		};
		A29AC1D31B98B20000B29901 /* Products */ = {
			isa = PBXGroup;
			children = (
				A29AC1E11B98B20000B29901 /* libReactNativeIcons.a */,
			);
			name = Products;
			sourceTree = "<group>";
		};
		A2C1292B1BCDBF1A00693415 /* RNSqlite */ = {
			isa = PBXGroup;
			children = (
				A2C12ED71BCEF32D00B19CFD /* RNSqlite.m */,
				A2C12F091BD054A100B19CFD /* FMDatabaseAdditionsVariadic.swift */,
				A2C12F0B1BD054CB00B19CFD /* FMDatabaseVariadic.swift */,
			);
			name = RNSqlite;
			sourceTree = "<group>";
		};
		A2C129341BCE214400693415 /* Contacts */ = {
			isa = PBXGroup;
			children = (
				A2C12EC71BCE2C8700B19CFD /* RCTAddressBook.m */,
				A2C12ECB1BCEB78800B19CFD /* RNContactsManager.swift */,
				A2C12ECF1BCEC44D00B19CFD /* RNContactsManager.m */,
				A211C78A1BD06E3B00653014 /* ContactsDao.h */,
				A211C7861BD061EE00653014 /* ContactsDao.m */,
			);
			name = Contacts;
			sourceTree = "<group>";
		};
		A2F214C51BA8DCE300EDAC0F /* MQTTClient */ = {
			isa = PBXGroup;
			children = (
				A2F214E01BA8DE9900EDAC0F /* RNMQTTClient.m */,
			);
			path = MQTTClient;
			sourceTree = "<group>";
		};
		A2F233FE1BA00369000A5A9E /* Products */ = {
			isa = PBXGroup;
			children = (
				A2F2340D1BA0036A000A5A9E /* libRNClipboard.a */,
			);
			name = Products;
			sourceTree = "<group>";
		};
		C8A1101945C56B053CF0191A /* Frameworks */ = {
			isa = PBXGroup;
			children = (
				A2C129321BCDC5B800693415 /* libsqlite3.tbd */,
				4B144685E24B8C6F980574BA /* libPods.a */,
			);
			name = Frameworks;
			sourceTree = "<group>";
		};
		FBF6698C1C8F82466E892286 /* Pods */ = {
			isa = PBXGroup;
			children = (
				EF283D93ACB34BFC060E251E /* Pods.debug.xcconfig */,
				AFE28E08A3F6912121D89C71 /* Pods.release.xcconfig */,
			);
			name = Pods;
			sourceTree = "<group>";
		};
/* End PBXGroup section */

/* Begin PBXNativeTarget section */
		00E356ED1AD99517003FC87E /* stitchchatTests */ = {
			isa = PBXNativeTarget;
			buildConfigurationList = 00E357021AD99517003FC87E /* Build configuration list for PBXNativeTarget "stitchchatTests" */;
			buildPhases = (
				00E356EA1AD99517003FC87E /* Sources */,
				00E356EB1AD99517003FC87E /* Frameworks */,
				00E356EC1AD99517003FC87E /* Resources */,
			);
			buildRules = (
			);
			dependencies = (
				00E356F51AD99517003FC87E /* PBXTargetDependency */,
			);
			name = stitchchatTests;
			productName = stitchchatTests;
			productReference = 00E356EE1AD99517003FC87E /* stitchchatTests.xctest */;
			productType = "com.apple.product-type.bundle.unit-test";
		};
		13B07F861A680F5B00A75B9A /* stitchchat */ = {
			isa = PBXNativeTarget;
			buildConfigurationList = 13B07F931A680F5B00A75B9A /* Build configuration list for PBXNativeTarget "stitchchat" */;
			buildPhases = (
				CBC2AE3A3E81DE8031B0F92F /* Check Pods Manifest.lock */,
				13B07F871A680F5B00A75B9A /* Sources */,
				13B07F8C1A680F5B00A75B9A /* Frameworks */,
				13B07F8E1A680F5B00A75B9A /* Resources */,
				A24386541BBC553F0056262F /* ShellScript */,
				5AD27395E1D8D1AE71593B13 /* Embed Pods Frameworks */,
				BE5015B4175FAFD7DBBE10BE /* Copy Pods Resources */,
			);
			buildRules = (
			);
			dependencies = (
			);
			name = stitchchat;
			productName = "Hello World";
			productReference = 13B07F961A680F5B00A75B9A /* stitchchat.app */;
			productType = "com.apple.product-type.application";
		};
/* End PBXNativeTarget section */

/* Begin PBXProject section */
		83CBB9F71A601CBA00E9B192 /* Project object */ = {
			isa = PBXProject;
			attributes = {
				LastSwiftUpdateCheck = 0700;
				LastUpgradeCheck = 0610;
				ORGANIZATIONNAME = Facebook;
				TargetAttributes = {
					00E356ED1AD99517003FC87E = {
						CreatedOnToolsVersion = 6.2;
						TestTargetID = 13B07F861A680F5B00A75B9A;
					};
				};
			};
			buildConfigurationList = 83CBB9FA1A601CBA00E9B192 /* Build configuration list for PBXProject "stitchchat" */;
			compatibilityVersion = "Xcode 3.2";
			developmentRegion = English;
			hasScannedForEncodings = 0;
			knownRegions = (
				en,
				Base,
			);
			mainGroup = 83CBB9F61A601CBA00E9B192;
			productRefGroup = 83CBBA001A601CBA00E9B192 /* Products */;
			projectDirPath = "";
			projectReferences = (
				{
					ProductGroup = A29AC1D31B98B20000B29901 /* Products */;
					ProjectRef = A29AC1D21B98B20000B29901 /* ReactNativeIcons.xcodeproj */;
				},
				{
					ProductGroup = A2F233FE1BA00369000A5A9E /* Products */;
					ProjectRef = A2F233FD1BA00369000A5A9E /* RNClipboard.xcodeproj */;
				},
			);
			projectRoot = "";
			targets = (
				13B07F861A680F5B00A75B9A /* stitchchat */,
				00E356ED1AD99517003FC87E /* stitchchatTests */,
			);
		};
/* End PBXProject section */

/* Begin PBXReferenceProxy section */
		A29AC1E11B98B20000B29901 /* libReactNativeIcons.a */ = {
			isa = PBXReferenceProxy;
			fileType = archive.ar;
			path = libReactNativeIcons.a;
			remoteRef = A29AC1E01B98B20000B29901 /* PBXContainerItemProxy */;
			sourceTree = BUILT_PRODUCTS_DIR;
		};
		A2F2340D1BA0036A000A5A9E /* libRNClipboard.a */ = {
			isa = PBXReferenceProxy;
			fileType = archive.ar;
			path = libRNClipboard.a;
			remoteRef = A2F2340C1BA0036A000A5A9E /* PBXContainerItemProxy */;
			sourceTree = BUILT_PRODUCTS_DIR;
		};
/* End PBXReferenceProxy section */

/* Begin PBXResourcesBuildPhase section */
		00E356EC1AD99517003FC87E /* Resources */ = {
			isa = PBXResourcesBuildPhase;
			buildActionMask = 2147483647;
			files = (
			);
			runOnlyForDeploymentPostprocessing = 0;
		};
		13B07F8E1A680F5B00A75B9A /* Resources */ = {
			isa = PBXResourcesBuildPhase;
			buildActionMask = 2147483647;
			files = (
				A29AC1E41B98B46D00B29901 /* ionicons.ttf in Resources */,
				008F07F31AC5B25A0029DE68 /* main.jsbundle in Resources */,
				13B07FBF1A68108700A75B9A /* Images.xcassets in Resources */,
				13B07FBD1A68108700A75B9A /* LaunchScreen.xib in Resources */,
			);
			runOnlyForDeploymentPostprocessing = 0;
		};
/* End PBXResourcesBuildPhase section */

/* Begin PBXShellScriptBuildPhase section */
		5AD27395E1D8D1AE71593B13 /* Embed Pods Frameworks */ = {
			isa = PBXShellScriptBuildPhase;
			buildActionMask = 2147483647;
			files = (
			);
			inputPaths = (
			);
			name = "Embed Pods Frameworks";
			outputPaths = (
			);
			runOnlyForDeploymentPostprocessing = 0;
			shellPath = /bin/sh;
			shellScript = "\"${SRCROOT}/../Pods/Target Support Files/Pods/Pods-frameworks.sh\"\n";
			showEnvVarsInLog = 0;
		};
		A24386541BBC553F0056262F /* ShellScript */ = {
			isa = PBXShellScriptBuildPhase;
			buildActionMask = 12;
			files = (
			);
			inputPaths = (
			);
			outputPaths = (
			);
			runOnlyForDeploymentPostprocessing = 0;
			shellPath = /bin/sh;
			shellScript = "\"${PODS_ROOT}/Fabric/Fabric.framework/run\" 23808b29e720fdcab2c94658f15d779eb2b33a98 7d74b7230bbae12127db4f806d52d4e70e145b2b2f463cceb83bfa11039d13c3";
		};
		BE5015B4175FAFD7DBBE10BE /* Copy Pods Resources */ = {
			isa = PBXShellScriptBuildPhase;
			buildActionMask = 2147483647;
			files = (
			);
			inputPaths = (
			);
			name = "Copy Pods Resources";
			outputPaths = (
			);
			runOnlyForDeploymentPostprocessing = 0;
			shellPath = /bin/sh;
			shellScript = "\"${SRCROOT}/../Pods/Target Support Files/Pods/Pods-resources.sh\"\n";
			showEnvVarsInLog = 0;
		};
		CBC2AE3A3E81DE8031B0F92F /* Check Pods Manifest.lock */ = {
			isa = PBXShellScriptBuildPhase;
			buildActionMask = 2147483647;
			files = (
			);
			inputPaths = (
			);
			name = "Check Pods Manifest.lock";
			outputPaths = (
			);
			runOnlyForDeploymentPostprocessing = 0;
			shellPath = /bin/sh;
			shellScript = "diff \"${PODS_ROOT}/../Podfile.lock\" \"${PODS_ROOT}/Manifest.lock\" > /dev/null\nif [[ $? != 0 ]] ; then\n    cat << EOM\nerror: The sandbox is not in sync with the Podfile.lock. Run 'pod install' or update your CocoaPods installation.\nEOM\n    exit 1\nfi\n";
			showEnvVarsInLog = 0;
		};
/* End PBXShellScriptBuildPhase section */

/* Begin PBXSourcesBuildPhase section */
		00E356EA1AD99517003FC87E /* Sources */ = {
			isa = PBXSourcesBuildPhase;
			buildActionMask = 2147483647;
			files = (
				00E356F31AD99517003FC87E /* stitchchatTests.m in Sources */,
			);
			runOnlyForDeploymentPostprocessing = 0;
		};
		13B07F871A680F5B00A75B9A /* Sources */ = {
			isa = PBXSourcesBuildPhase;
			buildActionMask = 2147483647;
			files = (
				A2C12ED81BCEF32D00B19CFD /* RNSqlite.m in Sources */,
				A2F234151BA35FB1000A5A9E /* HelloManager.m in Sources */,
				A2C12F0C1BD054CB00B19CFD /* FMDatabaseVariadic.swift in Sources */,
				A2C12ED01BCEC44D00B19CFD /* RNContactsManager.m in Sources */,
				A2B411B21BBC74A900918E9E /* DigitsLogin.m in Sources */,
				A2F234101BA2A4D3000A5A9E /* FileUpload.m in Sources */,
				13B07FBC1A68108700A75B9A /* AppDelegate.m in Sources */,
				A2C12F0A1BD054A100B19CFD /* FMDatabaseAdditionsVariadic.swift in Sources */,
				A2F234131BA35ED9000A5A9E /* HelloManager.swift in Sources */,
				A211C7871BD061EE00653014 /* ContactsDao.m in Sources */,
				A2C12ECC1BCEB78800B19CFD /* RNContactsManager.swift in Sources */,
				13B07FC11A68108700A75B9A /* main.m in Sources */,
				A2F214E11BA8DE9900EDAC0F /* RNMQTTClient.m in Sources */,
				A2C12EC81BCE2C8700B19CFD /* RCTAddressBook.m in Sources */,
			);
			runOnlyForDeploymentPostprocessing = 0;
		};
/* End PBXSourcesBuildPhase section */

/* Begin PBXTargetDependency section */
		00E356F51AD99517003FC87E /* PBXTargetDependency */ = {
			isa = PBXTargetDependency;
			target = 13B07F861A680F5B00A75B9A /* stitchchat */;
			targetProxy = 00E356F41AD99517003FC87E /* PBXContainerItemProxy */;
		};
/* End PBXTargetDependency section */

/* Begin PBXVariantGroup section */
		13B07FB11A68108700A75B9A /* LaunchScreen.xib */ = {
			isa = PBXVariantGroup;
			children = (
				13B07FB21A68108700A75B9A /* Base */,
			);
			name = LaunchScreen.xib;
			sourceTree = "<group>";
		};
/* End PBXVariantGroup section */

/* Begin XCBuildConfiguration section */
		00E356F61AD99517003FC87E /* Debug */ = {
			isa = XCBuildConfiguration;
			buildSettings = {
				BUNDLE_LOADER = "$(TEST_HOST)";
				FRAMEWORK_SEARCH_PATHS = (
					"$(SDKROOT)/Developer/Library/Frameworks",
					"$(inherited)",
				);
				GCC_PREPROCESSOR_DEFINITIONS = (
					"DEBUG=1",
					"$(inherited)",
				);
				INFOPLIST_FILE = stitchchatTests/Info.plist;
				IPHONEOS_DEPLOYMENT_TARGET = 8.2;
				LD_RUNPATH_SEARCH_PATHS = "$(inherited) @executable_path/Frameworks @loader_path/Frameworks";
				PRODUCT_NAME = "$(TARGET_NAME)";
				TEST_HOST = "$(BUILT_PRODUCTS_DIR)/stitchchat.app/stitchchat";
			};
			name = Debug;
		};
		00E356F71AD99517003FC87E /* Release */ = {
			isa = XCBuildConfiguration;
			buildSettings = {
				BUNDLE_LOADER = "$(TEST_HOST)";
				COPY_PHASE_STRIP = NO;
				FRAMEWORK_SEARCH_PATHS = (
					"$(SDKROOT)/Developer/Library/Frameworks",
					"$(inherited)",
				);
				INFOPLIST_FILE = stitchchatTests/Info.plist;
				IPHONEOS_DEPLOYMENT_TARGET = 8.2;
				LD_RUNPATH_SEARCH_PATHS = "$(inherited) @executable_path/Frameworks @loader_path/Frameworks";
				PRODUCT_NAME = "$(TARGET_NAME)";
				TEST_HOST = "$(BUILT_PRODUCTS_DIR)/stitchchat.app/stitchchat";
			};
			name = Release;
		};
		13B07F941A680F5B00A75B9A /* Debug */ = {
			isa = XCBuildConfiguration;
			baseConfigurationReference = EF283D93ACB34BFC060E251E /* Pods.debug.xcconfig */;
			buildSettings = {
				ASSETCATALOG_COMPILER_APPICON_NAME = AppIcon;
				CLANG_ENABLE_MODULES = YES;
				FRAMEWORK_SEARCH_PATHS = (
					"$(inherited)",
					"$(PROJECT_DIR)",
				);
				HEADER_SEARCH_PATHS = (
					"$(inherited)",
					/Applications/Xcode.app/Contents/Developer/Toolchains/XcodeDefault.xctoolchain/usr/include,
					"$(SRCROOT)/../node_modules/react-native/React/**",
				);
				INFOPLIST_FILE = "$(SRCROOT)/stitchchat/Info.plist";
				LD_RUNPATH_SEARCH_PATHS = "$(inherited) @executable_path/Frameworks";
				OTHER_LDFLAGS = (
					"-ObjC",
					"$(inherited)",
				);
				PRODUCT_BUNDLE_IDENTIFIER = com.stitchchat;
				PRODUCT_NAME = stitchchat;
				SWIFT_OBJC_BRIDGING_HEADER = "stitchchat-Bridging-Header.h";
				SWIFT_OPTIMIZATION_LEVEL = "-Onone";
			};
			name = Debug;
		};
		13B07F951A680F5B00A75B9A /* Release */ = {
			isa = XCBuildConfiguration;
			baseConfigurationReference = AFE28E08A3F6912121D89C71 /* Pods.release.xcconfig */;
			buildSettings = {
				ASSETCATALOG_COMPILER_APPICON_NAME = AppIcon;
				CLANG_ENABLE_MODULES = YES;
				FRAMEWORK_SEARCH_PATHS = (
					"$(inherited)",
					"$(PROJECT_DIR)",
				);
				HEADER_SEARCH_PATHS = (
					"$(inherited)",
					/Applications/Xcode.app/Contents/Developer/Toolchains/XcodeDefault.xctoolchain/usr/include,
					"$(SRCROOT)/../node_modules/react-native/React/**",
				);
				INFOPLIST_FILE = "$(SRCROOT)/stitchchat/Info.plist";
				LD_RUNPATH_SEARCH_PATHS = "$(inherited) @executable_path/Frameworks";
				OTHER_LDFLAGS = (
					"-ObjC",
					"$(inherited)",
				);
				"OTHER_LDFLAGS[arch=*]" = "-ObjC";
				PRODUCT_BUNDLE_IDENTIFIER = com.stitchchat;
				PRODUCT_NAME = stitchchat;
				SWIFT_OBJC_BRIDGING_HEADER = "stitchchat-Bridging-Header.h";
			};
			name = Release;
		};
		83CBBA201A601CBA00E9B192 /* Debug */ = {
			isa = XCBuildConfiguration;
			buildSettings = {
				ALWAYS_SEARCH_USER_PATHS = NO;
				CLANG_CXX_LANGUAGE_STANDARD = "gnu++0x";
				CLANG_CXX_LIBRARY = "libc++";
				CLANG_ENABLE_MODULES = YES;
				CLANG_ENABLE_OBJC_ARC = YES;
				CLANG_WARN_BOOL_CONVERSION = YES;
				CLANG_WARN_CONSTANT_CONVERSION = YES;
				CLANG_WARN_DIRECT_OBJC_ISA_USAGE = YES_ERROR;
				CLANG_WARN_EMPTY_BODY = YES;
				CLANG_WARN_ENUM_CONVERSION = YES;
				CLANG_WARN_INT_CONVERSION = YES;
				CLANG_WARN_OBJC_ROOT_CLASS = YES_ERROR;
				CLANG_WARN_UNREACHABLE_CODE = YES;
				CLANG_WARN__DUPLICATE_METHOD_MATCH = YES;
				"CODE_SIGN_IDENTITY[sdk=iphoneos*]" = "iPhone Developer";
				COPY_PHASE_STRIP = NO;
				ENABLE_STRICT_OBJC_MSGSEND = YES;
				GCC_C_LANGUAGE_STANDARD = gnu99;
				GCC_DYNAMIC_NO_PIC = NO;
				GCC_OPTIMIZATION_LEVEL = 0;
				GCC_PREPROCESSOR_DEFINITIONS = (
					"DEBUG=1",
					"$(inherited)",
				);
				GCC_SYMBOLS_PRIVATE_EXTERN = NO;
				GCC_WARN_64_TO_32_BIT_CONVERSION = YES;
				GCC_WARN_ABOUT_RETURN_TYPE = YES_ERROR;
				GCC_WARN_UNDECLARED_SELECTOR = YES;
				GCC_WARN_UNINITIALIZED_AUTOS = YES_AGGRESSIVE;
				GCC_WARN_UNUSED_FUNCTION = YES;
				GCC_WARN_UNUSED_VARIABLE = YES;
				HEADER_SEARCH_PATHS = (
					"$(inherited)",
					/Applications/Xcode.app/Contents/Developer/Toolchains/XcodeDefault.xctoolchain/usr/include,
					"$(SRCROOT)/../node_modules/react-native/React/**",
				);
				IPHONEOS_DEPLOYMENT_TARGET = 9.0;
				MTL_ENABLE_DEBUG_INFO = YES;
				ONLY_ACTIVE_ARCH = YES;
				SDKROOT = iphoneos;
			};
			name = Debug;
		};
		83CBBA211A601CBA00E9B192 /* Release */ = {
			isa = XCBuildConfiguration;
			buildSettings = {
				ALWAYS_SEARCH_USER_PATHS = NO;
				CLANG_CXX_LANGUAGE_STANDARD = "gnu++0x";
				CLANG_CXX_LIBRARY = "libc++";
				CLANG_ENABLE_MODULES = YES;
				CLANG_ENABLE_OBJC_ARC = YES;
				CLANG_WARN_BOOL_CONVERSION = YES;
				CLANG_WARN_CONSTANT_CONVERSION = YES;
				CLANG_WARN_DIRECT_OBJC_ISA_USAGE = YES_ERROR;
				CLANG_WARN_EMPTY_BODY = YES;
				CLANG_WARN_ENUM_CONVERSION = YES;
				CLANG_WARN_INT_CONVERSION = YES;
				CLANG_WARN_OBJC_ROOT_CLASS = YES_ERROR;
				CLANG_WARN_UNREACHABLE_CODE = YES;
				CLANG_WARN__DUPLICATE_METHOD_MATCH = YES;
				"CODE_SIGN_IDENTITY[sdk=iphoneos*]" = "iPhone Developer";
				COPY_PHASE_STRIP = YES;
				ENABLE_NS_ASSERTIONS = NO;
				ENABLE_STRICT_OBJC_MSGSEND = YES;
				GCC_C_LANGUAGE_STANDARD = gnu99;
				GCC_WARN_64_TO_32_BIT_CONVERSION = YES;
				GCC_WARN_ABOUT_RETURN_TYPE = YES_ERROR;
				GCC_WARN_UNDECLARED_SELECTOR = YES;
				GCC_WARN_UNINITIALIZED_AUTOS = YES_AGGRESSIVE;
				GCC_WARN_UNUSED_FUNCTION = YES;
				GCC_WARN_UNUSED_VARIABLE = YES;
				HEADER_SEARCH_PATHS = (
					"$(inherited)",
					/Applications/Xcode.app/Contents/Developer/Toolchains/XcodeDefault.xctoolchain/usr/include,
					"$(SRCROOT)/../node_modules/react-native/React/**",
				);
				IPHONEOS_DEPLOYMENT_TARGET = 9.0;
				MTL_ENABLE_DEBUG_INFO = NO;
				SDKROOT = iphoneos;
				VALIDATE_PRODUCT = YES;
			};
			name = Release;
		};
/* End XCBuildConfiguration section */

/* Begin XCConfigurationList section */
		00E357021AD99517003FC87E /* Build configuration list for PBXNativeTarget "stitchchatTests" */ = {
			isa = XCConfigurationList;
			buildConfigurations = (
				00E356F61AD99517003FC87E /* Debug */,
				00E356F71AD99517003FC87E /* Release */,
			);
			defaultConfigurationIsVisible = 0;
			defaultConfigurationName = Release;
		};
		13B07F931A680F5B00A75B9A /* Build configuration list for PBXNativeTarget "stitchchat" */ = {
			isa = XCConfigurationList;
			buildConfigurations = (
				13B07F941A680F5B00A75B9A /* Debug */,
				13B07F951A680F5B00A75B9A /* Release */,
			);
			defaultConfigurationIsVisible = 0;
			defaultConfigurationName = Release;
		};
		83CBB9FA1A601CBA00E9B192 /* Build configuration list for PBXProject "stitchchat" */ = {
			isa = XCConfigurationList;
			buildConfigurations = (
				83CBBA201A601CBA00E9B192 /* Debug */,
				83CBBA211A601CBA00E9B192 /* Release */,
			);
			defaultConfigurationIsVisible = 0;
			defaultConfigurationName = Release;
		};
/* End XCConfigurationList section */
	};
	rootObject = 83CBB9F71A601CBA00E9B192 /* Project object */;
}
